
Microsoft Visual Studio Solution File, Format Version 12.00
# Visual Studio 15
VisualStudioVersion = 15.0.27130.2027
MinimumVisualStudioVersion = 10.0.40219.1
Project("{9A19103F-16F7-4668-BE54-9A1E7A4F7556}") = "Plastic.Demo", "Plastic.Demo\Plastic.Demo.csproj", "{7F1D9427-8076-45D4-8B8A-03A8BC2A70AE}"
EndProject
Project("{9A19103F-16F7-4668-BE54-9A1E7A4F7556}") = "Plastic.Demo.Test", "Plastic.Demo.Test\Plastic.Demo.Test.csproj", "{AA175420-054E-4480-B3FD-BBC09FE389D6}"
EndProject
Project("{9A19103F-16F7-4668-BE54-9A1E7A4F7556}") = "Plastic", "Plastic\Plastic.csproj", "{1416F4EB-532C-483C-8DAB-EC0A7B34E919}"
EndProject
Project("{9A19103F-16F7-4668-BE54-9A1E7A4F7556}") = "Plastic.Demo.Web", "Plastic.Demo.Web\Plastic.Demo.Web.csproj", "{24F1C999-BA3B-473B-AA4B-B89D2019594C}"
EndProject
Project("{9A19103F-16F7-4668-BE54-9A1E7A4F7556}") = "Plastic.University", "Plastic.University\Plastic.University.csproj", "{ACA18F21-DBA6-4702-BCEC-FA75CD6F5E87}"
EndProject
Project("{FAE04EC0-301F-11D3-BF4B-00C04F79EFBC}") = "Plastic.Xsd", "Plastic.Xsd\Plastic.Xsd.csproj", "{FE0B7F7C-8F35-450D-B93C-7ED27457F8D6}"
EndProject
Global
	GlobalSection(SolutionConfigurationPlatforms) = preSolution
		Debug|Any CPU = Debug|Any CPU
		Release|Any CPU = Release|Any CPU
	EndGlobalSection
	GlobalSection(ProjectConfigurationPlatforms) = postSolution
		{7F1D9427-8076-45D4-8B8A-03A8BC2A70AE}.Debug|Any CPU.ActiveCfg = Debug|Any CPU
		{7F1D9427-8076-45D4-8B8A-03A8BC2A70AE}.Debug|Any CPU.Build.0 = Debug|Any CPU
		{7F1D9427-8076-45D4-8B8A-03A8BC2A70AE}.Release|Any CPU.ActiveCfg = Release|Any CPU
		{7F1D9427-8076-45D4-8B8A-03A8BC2A70AE}.Release|Any CPU.Build.0 = Release|Any CPU
		{AA175420-054E-4480-B3FD-BBC09FE389D6}.Debug|Any CPU.ActiveCfg = Debug|Any CPU
		{AA175420-054E-4480-B3FD-BBC09FE389D6}.Debug|Any CPU.Build.0 = Debug|Any CPU
		{AA175420-054E-4480-B3FD-BBC09FE389D6}.Release|Any CPU.ActiveCfg = Release|Any CPU
		{AA175420-054E-4480-B3FD-BBC09FE389D6}.Release|Any CPU.Build.0 = Release|Any CPU
		{1416F4EB-532C-483C-8DAB-EC0A7B34E919}.Debug|Any CPU.ActiveCfg = Debug|Any CPU
		{1416F4EB-532C-483C-8DAB-EC0A7B34E919}.Debug|Any CPU.Build.0 = Debug|Any CPU
		{1416F4EB-532C-483C-8DAB-EC0A7B34E919}.Release|Any CPU.ActiveCfg = Release|Any CPU
		{1416F4EB-532C-483C-8DAB-EC0A7B34E919}.Release|Any CPU.Build.0 = Release|Any CPU
		{24F1C999-BA3B-473B-AA4B-B89D2019594C}.Debug|Any CPU.ActiveCfg = Debug|Any CPU
		{24F1C999-BA3B-473B-AA4B-B89D2019594C}.Debug|Any CPU.Build.0 = Debug|Any CPU
		{24F1C999-BA3B-473B-AA4B-B89D2019594C}.Release|Any CPU.ActiveCfg = Release|Any CPU
		{24F1C999-BA3B-473B-AA4B-B89D2019594C}.Release|Any CPU.Build.0 = Release|Any CPU
		{ACA18F21-DBA6-4702-BCEC-FA75CD6F5E87}.Debug|Any CPU.ActiveCfg = Debug|Any CPU
		{ACA18F21-DBA6-4702-BCEC-FA75CD6F5E87}.Release|Any CPU.ActiveCfg = Release|Any CPU
		{ACA18F21-DBA6-4702-BCEC-FA75CD6F5E87}.Release|Any CPU.Build.0 = Release|Any CPU
		{FE0B7F7C-8F35-450D-B93C-7ED27457F8D6}.Debug|Any CPU.ActiveCfg = Debug|Any CPU
		{FE0B7F7C-8F35-450D-B93C-7ED27457F8D6}.Debug|Any CPU.Build.0 = Debug|Any CPU
		{FE0B7F7C-8F35-450D-B93C-7ED27457F8D6}.Release|Any CPU.ActiveCfg = Release|Any CPU
		{FE0B7F7C-8F35-450D-B93C-7ED27457F8D6}.Release|Any CPU.Build.0 = Release|Any CPU
	EndGlobalSection
	GlobalSection(SolutionProperties) = preSolution
		HideSolutionNode = FALSE
	EndGlobalSection
	GlobalSection(ExtensibilityGlobals) = postSolution
		SolutionGuid = {A186090C-E235-4BDF-8699-DD5B6D966BB5}
	EndGlobalSection
EndGlobal
